{
  "object": {
    "pins": [
      {
        "package": "Pure",
        "repositoryURL": "https://github.com/devxoul/Pure",
        "state": {
          "branch": "generic-factory",
          "revision": "c7f3ecace9bec6dbf67a60a86428950e18e6f056",
          "version": null
        }
      },
      {
        "package": "Swinject",
        "repositoryURL": "https://github.com/Swinject/Swinject",
        "state": {
          "branch": null,
          "revision": "8a76d2c74bafbb455763487cc6a08e91bad1f78b",
          "version": "2.7.1"
        }
      },
      {
        "package": "SwinjectSafeAuto",
        "repositoryURL": "https://github.com/devxoul/SwinjectSafeAuto",
        "state": {
          "branch": null,
          "revision": "7c818ceec8847d3af708c5d3aca605f25b514605",
          "version": "1.0.0"
        }
      },
      {
        "package": "WeakMapTable",
        "repositoryURL": "https://github.com/ReactorKit/WeakMapTable",
        "state": {
          "branch": null,
          "revision": "eda6ba374666bb2177034b6418025103cc72bcbf",
          "version": "1.1.0"
        }
      }
    ]
  },
  "version": 1
}
